
Microsoft Visual Studio Solution File, Format Version 12.00
# Visual Studio Version 17
VisualStudioVersion = 17.5.002.0
MinimumVisualStudioVersion = 10.0.40219.1
Project("{9A19103F-16F7-4668-BE54-9A1E7A4F7556}") = "Proyecto_Api", "Proyecto_Api.csproj", "{C7067C9D-5E0E-48B0-BB85-E72A17D6471A}"
EndProject
Global
	GlobalSection(SolutionConfigurationPlatforms) = preSolution
		Debug|Any CPU = Debug|Any CPU
		Release|Any CPU = Release|Any CPU
	EndGlobalSection
	GlobalSection(ProjectConfigurationPlatforms) = postSolution
		{C7067C9D-5E0E-48B0-BB85-E72A17D6471A}.Debug|Any CPU.ActiveCfg = Debug|Any CPU
		{C7067C9D-5E0E-48B0-BB85-E72A17D6471A}.Debug|Any CPU.Build.0 = Debug|Any CPU
		{C7067C9D-5E0E-48B0-BB85-E72A17D6471A}.Release|Any CPU.ActiveCfg = Release|Any CPU
		{C7067C9D-5E0E-48B0-BB85-E72A17D6471A}.Release|Any CPU.Build.0 = Release|Any CPU
	EndGlobalSection
	GlobalSection(SolutionProperties) = preSolution
		HideSolutionNode = FALSE
	EndGlobalSection
	GlobalSection(ExtensibilityGlobals) = postSolution
		SolutionGuid = {7F97217E-A66E-43D3-A2EE-661CB9767924}
	EndGlobalSection
EndGlobal
